9fans.net/go v0.0.2 h1:RYM6lWITV8oADrwLfdzxmt8ucfW6UtP9v1jg4qAbqts=
9fans.net/go v0.0.2/go.mod h1:lfPdxjq9v8pVQXUMBCx5EO5oLXWQFlKRQgs1kEkjoIM=
github.com/davecgh/go-spew v1.1.0/go.mod h1:J7Y8YcW2NihsgmVo/mv3lAwl/skON4iLHjSsI+c5H38=
github.com/fhs/mux9p v0.2.0 h1:R9FEaDEQjinXhAXU0D4O1DXMZM3z8rZzqhl5FnI+sxw=
github.com/fhs/mux9p v0.2.0/go.mod h1:tjbHDrV79hmPQZ5kZ5Lu5ggNPNFe6MGAldApF+ynYy8=
github.com/knusbaum/go9p v1.0.1 h1:xAa4bsRLH8XMR0bXbXuMr7Bto2Cyg9xWn8ycuUAKdAY=
github.com/knusbaum/go9p v1.0.1/go.mod h1:fhHqrfb3VbeB0jDR98mkC3HCJl+VeFIafnVhg2rrPrA=
github.com/pmezard/go-difflib v1.0.0/go.mod h1:iKH77koFhYxTK1pcRnkKkqfTogsbg7gZNVY4sRDYZ/4=
github.com/stretchr/objx v0.1.0/go.mod h1:HFkY916IF+rwdDfMAkV7OtwuqBVzrE8GR6GFx+wExME=
github.com/stretchr/testify v1.4.0/go.mod h1:j7eGeouHqKxXV5pUuKE4zz7dFj8WfuZ+81PSLYec5m4=
gopkg.in/check.v1 v0.0.0-20161208181325-20d25e280405/go.mod h1:Co6ibVJAznAaIkqp8huTwlJQCZ016jof/cbN4VW5Yz0=
gopkg.in/yaml.v2 v2.2.2/go.mod h1:hI93XBmqTisBFMUTm0b8Fm+jr3Dg1NNxqwp+5A1VGuI=
